{
    "_readme": [
        "This file locks the dependencies of your project to a known state",
        "Read more about it at https://getcomposer.org/doc/01-basic-usage.md#installing-dependencies",
        "This file is @generated automatically"
    ],
    "content-hash": "f033595bac1db758ac88009992f6fccf",
    "packages": [
        {
            "name": "RidPT/framework",
            "version": "dev-ridpt",
            "source": {
                "type": "git",
                "url": "https://git.rhilip.info/RidPT/framework.git",
                "reference": "229efe468c6ef51db41acef3b9398b079ba0979c"
            },
            "require": {
                "php": ">=7.0.0"
            },
            "type": "framework",
            "autoload": {
                "psr-4": {
                    "mix\\": "src/"
                },
                "files": [
                    "src/Mix.php",
                    "src/helpers/functions.php"
                ]
            },
            "license": [
                "Apache-2.0"
            ],
            "authors": [
                {
                    "name": "Jian Liu",
                    "email": "coder.liu@qq.com"
                }
            ],
            "description": "MixPHP 框架核心 http://www.mixphp.cn",
            "homepage": "http://www.mixphp.cn/",
            "keywords": [
                "framework",
                "mixphp",
                "swoole"
            ],
            "time": "2018-11-26T09:47:45+00:00"
        },
        {
            "name": "sandfoxme/bencode",
            "version": "1.2.0",
            "source": {
                "type": "git",
                "url": "https://github.com/sandfoxme/bencode.git",
                "reference": "e827c34253024d84917f0f35935b2e1916311ecd"
            },
            "dist": {
                "type": "zip",
                "url": "https://api.github.com/repos/sandfoxme/bencode/zipball/e827c34253024d84917f0f35935b2e1916311ecd",
                "reference": "e827c34253024d84917f0f35935b2e1916311ecd",
                "shasum": "",
                "mirrors": [
                    {
                        "url": "https://dl.laravel-china.org/%package%/%reference%.%type%",
                        "preferred": true
                    }
                ]
            },
            "require": {
                "php": ">= 7.0"
            },
            "require-dev": {
                "codeclimate/php-test-reporter": "*",
                "phpunit/phpunit": "^6.0.0",
                "psy/psysh": "^0.8.3"
            },
            "suggest": {
                "php-64bit": "Running 64 bit is recommended to prevent integer overflow"
            },
            "type": "library",
            "autoload": {
                "psr-4": {
                    "SandFoxMe\\Bencode\\": "src"
                }
            },
            "notification-url": "https://packagist.org/downloads/",
            "license": [
                "MIT"
            ],
            "authors": [
                {
                    "name": "Anton Smirnov",
                    "email": "sandfox@sandfox.me"
                }
            ],
            "description": "BitTorrent's Bencode encoder/decoder",
            "keywords": [
                "bencode",
                "bittorrent",
                "serialize",
                "torrent"
            ],
            "time": "2018-02-14T19:16:21+00:00"
        }
    ],
    "packages-dev": [],
    "aliases": [],
    "minimum-stability": "stable",
    "stability-flags": {
        "ridpt/framework": 20
    },
    "prefer-stable": false,
    "prefer-lowest": false,
    "platform": {
        "php": ">=7.0.0",
        "ext-pdo": "*",
        "ext-redis": "*"
    },
    "platform-dev": []
}
